
Microsoft Visual Studio Solution File, Format Version 12.00
# Visual Studio 15
VisualStudioVersion = 15.0.26730.10
MinimumVisualStudioVersion = 10.0.40219.1
Project("{FAE04EC0-301F-11D3-BF4B-00C04F79EFBC}") = "Nit.Phonebook", "Nit.Phonebook\Nit.Phonebook.csproj", "{421D73E8-B65B-43A6-AD64-5D3E4A89A244}"
EndProject
Global
	GlobalSection(SolutionConfigurationPlatforms) = preSolution
		Debug|Any CPU = Debug|Any CPU
		Release|Any CPU = Release|Any CPU
	EndGlobalSection
	GlobalSection(ProjectConfigurationPlatforms) = postSolution
		{421D73E8-B65B-43A6-AD64-5D3E4A89A244}.Debug|Any CPU.ActiveCfg = Debug|Any CPU
		{421D73E8-B65B-43A6-AD64-5D3E4A89A244}.Debug|Any CPU.Build.0 = Debug|Any CPU
		{421D73E8-B65B-43A6-AD64-5D3E4A89A244}.Release|Any CPU.ActiveCfg = Release|Any CPU
		{421D73E8-B65B-43A6-AD64-5D3E4A89A244}.Release|Any CPU.Build.0 = Release|Any CPU
	EndGlobalSection
	GlobalSection(SolutionProperties) = preSolution
		HideSolutionNode = FALSE
	EndGlobalSection
	GlobalSection(ExtensibilityGlobals) = postSolution
		SolutionGuid = {A8A577EE-8ED7-4452-AFCA-5B9773126011}
	EndGlobalSection
EndGlobal
